
Microsoft Visual Studio Solution File, Format Version 9.00
# Visual Studio 2005
Project("{FAE04EC0-301F-11D3-BF4B-00C04F79EFBC}") = "VACE Controlling", "VACE Controlling\VACE Controlling.csproj", "{EFEB2946-ED68-47B6-8AAB-E10260779C58}"
EndProject
Global
	GlobalSection(SolutionConfigurationPlatforms) = preSolution
		Debug|Any CPU = Debug|Any CPU
		Release|Any CPU = Release|Any CPU
	EndGlobalSection
	GlobalSection(ProjectConfigurationPlatforms) = postSolution
		{EFEB2946-ED68-47B6-8AAB-E10260779C58}.Debug|Any CPU.ActiveCfg = Debug|Any CPU
		{EFEB2946-ED68-47B6-8AAB-E10260779C58}.Debug|Any CPU.Build.0 = Debug|Any CPU
		{EFEB2946-ED68-47B6-8AAB-E10260779C58}.Release|Any CPU.ActiveCfg = Release|Any CPU
		{EFEB2946-ED68-47B6-8AAB-E10260779C58}.Release|Any CPU.Build.0 = Release|Any CPU
	EndGlobalSection
	GlobalSection(SolutionProperties) = preSolution
		HideSolutionNode = FALSE
	EndGlobalSection
EndGlobal
